// !$*UTF8*$!
{
	archiveVersion = 1;
	classes = {
	};
	objectVersion = 46;
	objects = {

/* Begin PBXGroup section */
		B250E7A016D1BCD100505A96 = {
			isa = PBXGroup;
			children = (
			);
			sourceTree = "<group>";
		};
/* End PBXGroup section */

/* Begin PBXProject section */
		B250E7A216D1BCD100505A96 /* Project object */ = {
			isa = PBXProject;
			attributes = {
				LastUpgradeCheck = 0450;
			};
			buildConfigurationList = B250E7A516D1BCD100505A96 /* Build configuration list for PBXProject "GraphDog" */;
			compatibilityVersion = "Xcode 3.2";
			developmentRegion = English;
			hasScannedForEncodings = 0;
			knownRegions = (
				en,
			);
			mainGroup = B250E7A016D1BCD100505A96;
			projectDirPath = "";
			projectRoot = "";
			targets = (
			);
		};
/* End PBXProject section */

/* Begin XCBuildConfiguration section */
		B250E7A716D1BCD100505A96 /* Debug */ = {
			isa = XCBuildConfiguration;
			buildSettings = {
			};
			name = Debug;
		};
		B250E7A816D1BCD100505A96 /* Release */ = {
			isa = XCBuildConfiguration;
			buildSettings = {
			};
			name = Release;
		};
/* End XCBuildConfiguration section */

/* Begin XCConfigurationList section */
		B250E7A516D1BCD100505A96 /* Build configuration list for PBXProject "GraphDog" */ = {
			isa = XCConfigurationList;
			buildConfigurations = (
				B250E7A716D1BCD100505A96 /* Debug */,
				B250E7A816D1BCD100505A96 /* Release */,
			);
			defaultConfigurationIsVisible = 0;
			defaultConfigurationName = Release;
		};
/* End XCConfigurationList section */
	};
	rootObject = B250E7A216D1BCD100505A96 /* Project object */;
}
